
Microsoft Visual Studio Solution File, Format Version 12.00
# Visual Studio Version 16
VisualStudioVersion = 16.0.30011.22
MinimumVisualStudioVersion = 10.0.40219.1
Project("{8BC9CEB8-8B4A-11D0-8D11-00A0C91BC942}") = "RomanDecimalConsoleApp", "RomanDecimalConsoleApp\RomanDecimalConsoleApp.vcxproj", "{B6B82527-2046-4B9E-A375-719A9F1CAB04}"
EndProject
Project("{8BC9CEB8-8B4A-11D0-8D11-00A0C91BC942}") = "Test-Roman", "Test-Roman\Test-Roman.vcxproj", "{E9B24A55-478F-4517-AB3F-C0C4A1A54E0D}"
EndProject
Global
	GlobalSection(SolutionConfigurationPlatforms) = preSolution
		Debug|x64 = Debug|x64
		Debug|x86 = Debug|x86
		Release|x64 = Release|x64
		Release|x86 = Release|x86
	EndGlobalSection
	GlobalSection(ProjectConfigurationPlatforms) = postSolution
		{B6B82527-2046-4B9E-A375-719A9F1CAB04}.Debug|x64.ActiveCfg = Debug|x64
		{B6B82527-2046-4B9E-A375-719A9F1CAB04}.Debug|x64.Build.0 = Debug|x64
		{B6B82527-2046-4B9E-A375-719A9F1CAB04}.Debug|x86.ActiveCfg = Debug|Win32
		{B6B82527-2046-4B9E-A375-719A9F1CAB04}.Debug|x86.Build.0 = Debug|Win32
		{B6B82527-2046-4B9E-A375-719A9F1CAB04}.Release|x64.ActiveCfg = Release|x64
		{B6B82527-2046-4B9E-A375-719A9F1CAB04}.Release|x64.Build.0 = Release|x64
		{B6B82527-2046-4B9E-A375-719A9F1CAB04}.Release|x86.ActiveCfg = Release|Win32
		{B6B82527-2046-4B9E-A375-719A9F1CAB04}.Release|x86.Build.0 = Release|Win32
		{E9B24A55-478F-4517-AB3F-C0C4A1A54E0D}.Debug|x64.ActiveCfg = Debug|x64
		{E9B24A55-478F-4517-AB3F-C0C4A1A54E0D}.Debug|x64.Build.0 = Debug|x64
		{E9B24A55-478F-4517-AB3F-C0C4A1A54E0D}.Debug|x86.ActiveCfg = Debug|Win32
		{E9B24A55-478F-4517-AB3F-C0C4A1A54E0D}.Debug|x86.Build.0 = Debug|Win32
		{E9B24A55-478F-4517-AB3F-C0C4A1A54E0D}.Release|x64.ActiveCfg = Release|x64
		{E9B24A55-478F-4517-AB3F-C0C4A1A54E0D}.Release|x64.Build.0 = Release|x64
		{E9B24A55-478F-4517-AB3F-C0C4A1A54E0D}.Release|x86.ActiveCfg = Release|Win32
		{E9B24A55-478F-4517-AB3F-C0C4A1A54E0D}.Release|x86.Build.0 = Release|Win32
	EndGlobalSection
	GlobalSection(SolutionProperties) = preSolution
		HideSolutionNode = FALSE
	EndGlobalSection
	GlobalSection(ExtensibilityGlobals) = postSolution
		SolutionGuid = {72683112-ABE8-48B8-88FB-F5BA9E7E6826}
	EndGlobalSection
EndGlobal
